version: 6
environments:
  default:
    channels:
    - url: https://conda.anaconda.org/conda-forge/
    packages:
      osx-64:
      - conda: https://conda.anaconda.org/conda-forge/osx-64/bzip2-1.0.8-hfdf4475_7.conda
      - conda: https://conda.anaconda.org/conda-forge/osx-64/c-ares-1.34.5-hf13058a_0.conda
      - conda: https://conda.anaconda.org/conda-forge/noarch/ca-certificates-2025.8.3-hbd8a1cb_0.conda
      - conda: https://conda.anaconda.org/conda-forge/noarch/importlib-metadata-8.7.0-pyhe01879c_1.conda
      - conda: https://conda.anaconda.org/conda-forge/noarch/jax-0.7.0-pyhd8ed1ab_0.conda
      - conda: https://conda.anaconda.org/conda-forge/osx-64/jaxlib-0.7.0-cpu_py313h9e1e12b_0.conda
      - conda: https://conda.anaconda.org/conda-forge/osx-64/libabseil-20250127.1-cxx17_h0e468a2_0.conda
      - conda: https://conda.anaconda.org/conda-forge/osx-64/libblas-3.9.0-34_h7f60823_openblas.conda
      - conda: https://conda.anaconda.org/conda-forge/osx-64/libcblas-3.9.0-34_hff6cab4_openblas.conda
      - conda: https://conda.anaconda.org/conda-forge/osx-64/libcxx-21.1.0-h3d58e20_1.conda
      - conda: https://conda.anaconda.org/conda-forge/osx-64/libexpat-2.7.1-h21dd04a_0.conda
      - conda: https://conda.anaconda.org/conda-forge/osx-64/libffi-3.4.6-h281671d_1.conda
      - conda: https://conda.anaconda.org/conda-forge/osx-64/libgfortran-15.1.0-h5f6db21_1.conda
      - conda: https://conda.anaconda.org/conda-forge/osx-64/libgfortran5-15.1.0-hfa3c126_1.conda
      - conda: https://conda.anaconda.org/conda-forge/osx-64/libgrpc-1.71.0-h7d722e6_1.conda
      - conda: https://conda.anaconda.org/conda-forge/osx-64/liblapack-3.9.0-34_h236ab99_openblas.conda
      - conda: https://conda.anaconda.org/conda-forge/osx-64/liblzma-5.8.1-hd471939_2.conda
      - conda: https://conda.anaconda.org/conda-forge/osx-64/libmpdec-4.0.0-h6e16a3a_0.conda
      - conda: https://conda.anaconda.org/conda-forge/osx-64/libopenblas-0.3.30-openmp_h83c2472_2.conda
      - conda: https://conda.anaconda.org/conda-forge/osx-64/libprotobuf-5.29.3-h14f6895_2.conda
      - conda: https://conda.anaconda.org/conda-forge/osx-64/libre2-11-2025.06.26-hfc00f1c_0.conda
      - conda: https://conda.anaconda.org/conda-forge/osx-64/libsqlite-3.50.4-h39a8b3b_0.conda
      - conda: https://conda.anaconda.org/conda-forge/osx-64/libzlib-1.3.1-hd23fc13_2.conda
      - conda: https://conda.anaconda.org/conda-forge/osx-64/llvm-openmp-21.1.0-hf4e0ed4_0.conda
      - conda: https://conda.anaconda.org/conda-forge/osx-64/ml_dtypes-0.5.1-py313h366a99e_1.conda
      - conda: https://conda.anaconda.org/conda-forge/osx-64/ncurses-6.5-h0622a9a_3.conda
      - conda: https://conda.anaconda.org/conda-forge/osx-64/numpy-2.3.2-py313hdb1a8e5_2.conda
      - conda: https://conda.anaconda.org/conda-forge/osx-64/openssl-3.5.2-h6e31bce_0.conda
      - conda: https://conda.anaconda.org/conda-forge/noarch/opt_einsum-3.4.0-pyhd8ed1ab_1.conda
      - conda: https://conda.anaconda.org/conda-forge/osx-64/python-3.13.5-hc3a4c56_102_cp313.conda
      - conda: https://conda.anaconda.org/conda-forge/noarch/python_abi-3.13-8_cp313.conda
      - conda: https://conda.anaconda.org/conda-forge/osx-64/re2-2025.06.26-ha5e900a_0.conda
      - conda: https://conda.anaconda.org/conda-forge/osx-64/readline-8.2-h7cca4af_2.conda
      - conda: https://conda.anaconda.org/conda-forge/osx-64/scipy-1.16.1-py313hf2e9e4d_1.conda
      - conda: https://conda.anaconda.org/conda-forge/osx-64/tk-8.6.13-hf689a15_2.conda
      - conda: https://conda.anaconda.org/conda-forge/noarch/tzdata-2025b-h78e105d_0.conda
      - conda: https://conda.anaconda.org/conda-forge/noarch/zipp-3.23.0-pyhd8ed1ab_0.conda
packages:
- conda: https://conda.anaconda.org/conda-forge/osx-64/bzip2-1.0.8-hfdf4475_7.conda
  sha256: cad153608b81fb24fc8c509357daa9ae4e49dfc535b2cb49b91e23dbd68fc3c5
  md5: 7ed4301d437b59045be7e051a0308211
  depends:
  - __osx >=10.13
  license: bzip2-1.0.6
  license_family: BSD
  size: 134188
  timestamp: 1720974491916
- conda: https://conda.anaconda.org/conda-forge/osx-64/c-ares-1.34.5-hf13058a_0.conda
  sha256: b37f5dacfe1c59e0a207c1d65489b760dff9ddb97b8df7126ceda01692ba6e97
  md5: eafe5d9f1a8c514afe41e6e833f66dfd
  depends:
  - __osx >=10.13
  license: MIT
  license_family: MIT
  size: 184824
  timestamp: 1744128064511
- conda: https://conda.anaconda.org/conda-forge/noarch/ca-certificates-2025.8.3-hbd8a1cb_0.conda
  sha256: 837b795a2bb39b75694ba910c13c15fa4998d4bb2a622c214a6a5174b2ae53d1
  md5: 74784ee3d225fc3dca89edb635b4e5cc
  depends:
  - __unix
  license: ISC
  size: 154402
  timestamp: 1754210968730
- conda: https://conda.anaconda.org/conda-forge/noarch/importlib-metadata-8.7.0-pyhe01879c_1.conda
  sha256: c18ab120a0613ada4391b15981d86ff777b5690ca461ea7e9e49531e8f374745
  md5: 63ccfdc3a3ce25b027b8767eb722fca8
  depends:
  - python >=3.9
  - zipp >=3.20
  - python
  license: Apache-2.0
  license_family: APACHE
  size: 34641
  timestamp: 1747934053147
- conda: https://conda.anaconda.org/conda-forge/noarch/jax-0.7.0-pyhd8ed1ab_0.conda
  sha256: c9dfa0d2fd5e42de88c8d2f62f495b6747a7d08310c4bbf94d0fa7e0dcaad573
  md5: cf9f37f6340f024ff8e3c3666de41bf5
  depends:
  - importlib-metadata >=4.6
  - jaxlib >=0.7.0,<=0.7.0
  - ml_dtypes >=0.5.0
  - numpy >=1.26
  - opt_einsum
  - python >=3.11
  - scipy >=1.12
  constrains:
  - cudnn >=9.8,<10.0
  license: Apache-2.0
  license_family: APACHE
  size: 1836006
  timestamp: 1753869796115
- conda: https://conda.anaconda.org/conda-forge/osx-64/jaxlib-0.7.0-cpu_py313h9e1e12b_0.conda
  sha256: 61995d445fddbaf446a8bd4c4914ff2dcee923e4eea5df53c6270739c81ed6b6
  md5: 4f1359086b49bf7bb2e02500b38b4ce4
  depends:
  - __osx >=10.15
  - libabseil * cxx17*
  - libabseil >=20250127.1,<20250128.0a0
  - libcxx >=19
  - libgrpc >=1.71.0,<1.72.0a0
  - libzlib >=1.3.1,<2.0a0
  - ml_dtypes >=0.2.0
  - numpy >=1.23,<3
  - openssl >=3.5.1,<4.0a0
  - python >=3.13,<3.14.0a0
  - python_abi 3.13.* *_cp313
  - scipy >=1.9
  constrains:
  - jax >=0.7.0
  license: Apache-2.0
  license_family: APACHE
  size: 65494147
  timestamp: 1753579234092
- conda: https://conda.anaconda.org/conda-forge/osx-64/libabseil-20250127.1-cxx17_h0e468a2_0.conda
  sha256: 8c43a7daa4df04f66d08e6a6cd2f004fc84500bf8c0c75dc9ee633b34c2a01be
  md5: b2004ae68003d2ef310b49847b911e4b
  depends:
  - __osx >=10.13
  - libcxx >=18
  constrains:
  - libabseil-static =20250127.1=cxx17*
  - abseil-cpp =20250127.1
  license: Apache-2.0
  license_family: Apache
  size: 1177855
  timestamp: 1742369859708
- conda: https://conda.anaconda.org/conda-forge/osx-64/libblas-3.9.0-34_h7f60823_openblas.conda
  build_number: 34
  sha256: ea5d0341df78f7f2d6fe3a03a9b7327958d9e21b4f2d13ef0eddadc335999232
  md5: 3f29ba70f912e56d4be6b55bc213a082
  depends:
  - libopenblas >=0.3.30,<0.3.31.0a0
  - libopenblas >=0.3.30,<1.0a0
  constrains:
  - liblapacke 3.9.0   34*_openblas
  - mkl <2025
  - libcblas   3.9.0   34*_openblas
  - liblapack  3.9.0   34*_openblas
  - blas 2.134   openblas
  license: BSD-3-Clause
  license_family: BSD
  size: 19537
  timestamp: 1754678644797
- conda: https://conda.anaconda.org/conda-forge/osx-64/libcblas-3.9.0-34_hff6cab4_openblas.conda
  build_number: 34
  sha256: 393e24b890009d4d4ace5531d39adfd9be3b97040653f6febbb74311dad84146
  md5: 0f6bf5f39b2301a165389e3624f0c297
  depends:
  - libblas 3.9.0 34_h7f60823_openblas
  constrains:
  - liblapacke 3.9.0   34*_openblas
  - liblapack  3.9.0   34*_openblas
  - blas 2.134   openblas
  license: BSD-3-Clause
  license_family: BSD
  size: 19518
  timestamp: 1754678655239
- conda: https://conda.anaconda.org/conda-forge/osx-64/libcxx-21.1.0-h3d58e20_1.conda
  sha256: ff2c82c14232cc0ff8038b3d43dace4a792c05a9b01465448445ac52539dee40
  md5: d5bb255dcf8d208f30089a5969a0314b
  depends:
  - __osx >=10.13
  license: Apache-2.0 WITH LLVM-exception
  license_family: Apache
  size: 572463
  timestamp: 1756698407882
- conda: https://conda.anaconda.org/conda-forge/osx-64/libexpat-2.7.1-h21dd04a_0.conda
  sha256: 689862313571b62ee77ee01729dc093f2bf25a2f99415fcfe51d3a6cd31cce7b
  md5: 9fdeae0b7edda62e989557d645769515
  depends:
  - __osx >=10.13
  constrains:
  - expat 2.7.1.*
  license: MIT
  license_family: MIT
  size: 72450
  timestamp: 1752719744781
- conda: https://conda.anaconda.org/conda-forge/osx-64/libffi-3.4.6-h281671d_1.conda
  sha256: 6394b1bc67c64a21a5cc73d1736d1d4193a64515152e861785c44d2cfc49edf3
  md5: 4ca9ea59839a9ca8df84170fab4ceb41
  depends:
  - __osx >=10.13
  license: MIT
  license_family: MIT
  size: 51216
  timestamp: 1743434595269
- conda: https://conda.anaconda.org/conda-forge/osx-64/libgfortran-15.1.0-h5f6db21_1.conda
  sha256: 844500c9372d455f6ae538ffd3cdd7fda5f53d25a2a6b3ba33060a302c37bc3e
  md5: 07cfad6b37da6e79349c6e3a0316a83b
  depends:
  - libgfortran5 15.1.0 hfa3c126_1
  license: GPL-3.0-only WITH GCC-exception-3.1
  license_family: GPL
  size: 133973
  timestamp: 1756239628906
- conda: https://conda.anaconda.org/conda-forge/osx-64/libgfortran5-15.1.0-hfa3c126_1.conda
  sha256: c4bb79d9e9be3e3a335282b50d18a7965e2a972b95508ea47e4086f1fd699342
  md5: 696e408f36a5a25afdb23e862053ca82
  depends:
  - llvm-openmp >=8.0.0
  constrains:
  - libgfortran 15.1.0
  license: GPL-3.0-only WITH GCC-exception-3.1
  license_family: GPL
  size: 1225193
  timestamp: 1756238834726
- conda: https://conda.anaconda.org/conda-forge/osx-64/libgrpc-1.71.0-h7d722e6_1.conda
  sha256: 304649f99f6cde43cf4fb95cc2892b5955aa31bf3d8b74f707a8ca1347c06b88
  md5: 460e0c0ac50927c2974e41aab9272c6b
  depends:
  - __osx >=10.14
  - c-ares >=1.34.5,<2.0a0
  - libabseil * cxx17*
  - libabseil >=20250127.1,<20250128.0a0
  - libcxx >=18
  - libprotobuf >=5.29.3,<5.29.4.0a0
  - libre2-11 >=2024.7.2
  - libzlib >=1.3.1,<2.0a0
  - openssl >=3.5.0,<4.0a0
  - re2
  constrains:
  - grpc-cpp =1.71.0
  license: Apache-2.0
  license_family: APACHE
  size: 5510897
  timestamp: 1745201273719
- conda: https://conda.anaconda.org/conda-forge/osx-64/liblapack-3.9.0-34_h236ab99_openblas.conda
  build_number: 34
  sha256: 6ecbd5c2b39e40766935c8311238cfbfcf7ca43b5eafc9bb5f883d59c705981e
  md5: 8ddbc2de70c2fedfb4cfbcb8d5562ac8
  depends:
  - libblas 3.9.0 34_h7f60823_openblas
  constrains:
  - liblapacke 3.9.0   34*_openblas
  - blas 2.134   openblas
  - libcblas   3.9.0   34*_openblas
  license: BSD-3-Clause
  license_family: BSD
  size: 19548
  timestamp: 1754678665504
- conda: https://conda.anaconda.org/conda-forge/osx-64/liblzma-5.8.1-hd471939_2.conda
  sha256: 7e22fd1bdb8bf4c2be93de2d4e718db5c548aa082af47a7430eb23192de6bb36
  md5: 8468beea04b9065b9807fc8b9cdc5894
  depends:
  - __osx >=10.13
  constrains:
  - xz 5.8.1.*
  license: 0BSD
  size: 104826
  timestamp: 1749230155443
- conda: https://conda.anaconda.org/conda-forge/osx-64/libmpdec-4.0.0-h6e16a3a_0.conda
  sha256: 98299c73c7a93cd4f5ff8bb7f43cd80389f08b5a27a296d806bdef7841cc9b9e
  md5: 18b81186a6adb43f000ad19ed7b70381
  depends:
  - __osx >=10.13
  license: BSD-2-Clause
  license_family: BSD
  size: 77667
  timestamp: 1748393757154
- conda: https://conda.anaconda.org/conda-forge/osx-64/libopenblas-0.3.30-openmp_h83c2472_2.conda
  sha256: 341dd45c2e88261f1f9ff76c3410355b4b0e894abe6ac89f7cbf64a3d10f0f01
  md5: 89edf77977f520c4245567460d065821
  depends:
  - __osx >=10.13
  - libgfortran
  - libgfortran5 >=14.3.0
  - llvm-openmp >=19.1.7
  constrains:
  - openblas >=0.3.30,<0.3.31.0a0
  license: BSD-3-Clause
  license_family: BSD
  size: 6262457
  timestamp: 1755473612572
- conda: https://conda.anaconda.org/conda-forge/osx-64/libprotobuf-5.29.3-h14f6895_2.conda
  sha256: c0b766c87a50098685f43d57424eebae35f1c4b812fc6d025cbb15a8c0a2800e
  md5: 8abbe99f9b80602f94a801321ec06ace
  depends:
  - __osx >=10.14
  - libabseil * cxx17*
  - libabseil >=20250127.1,<20250128.0a0
  - libcxx >=19
  - libzlib >=1.3.1,<2.0a0
  license: BSD-3-Clause
  license_family: BSD
  size: 2694250
  timestamp: 1753800435072
- conda: https://conda.anaconda.org/conda-forge/osx-64/libre2-11-2025.06.26-hfc00f1c_0.conda
  sha256: 979a49a54fcfb38f4de258d970b5c572fa29e780a67e847ea18860f99af39020
  md5: 2ba834cda1154dd23d8f1bba2f8f13e0
  depends:
  - __osx >=10.13
  - libabseil * cxx17*
  - libabseil >=20250127.1,<20250128.0a0
  - libcxx >=18
  constrains:
  - re2 2025.06.26.*
  license: BSD-3-Clause
  license_family: BSD
  size: 180092
  timestamp: 1751053180332
- conda: https://conda.anaconda.org/conda-forge/osx-64/libsqlite-3.50.4-h39a8b3b_0.conda
  sha256: 466366b094c3eb4b1d77320530cbf5400e7a10ab33e4824c200147488eebf7a6
  md5: 156bfb239b6a67ab4a01110e6718cbc4
  depends:
  - __osx >=10.13
  - libzlib >=1.3.1,<2.0a0
  license: blessing
  size: 980121
  timestamp: 1753948554003
- conda: https://conda.anaconda.org/conda-forge/osx-64/libzlib-1.3.1-hd23fc13_2.conda
  sha256: 8412f96504fc5993a63edf1e211d042a1fd5b1d51dedec755d2058948fcced09
  md5: 003a54a4e32b02f7355b50a837e699da
  depends:
  - __osx >=10.13
  constrains:
  - zlib 1.3.1 *_2
  license: Zlib
  license_family: Other
  size: 57133
  timestamp: 1727963183990
- conda: https://conda.anaconda.org/conda-forge/osx-64/llvm-openmp-21.1.0-hf4e0ed4_0.conda
  sha256: 78336131a08990390003ef05d14ecb49f3a47e4dac60b1bcebeccd87fa402925
  md5: 5acc6c266fd33166fa3b33e48665ae0d
  depends:
  - __osx >=10.13
  constrains:
  - openmp 21.1.0|21.1.0.*
  - intel-openmp <0.0a0
  license: Apache-2.0 WITH LLVM-exception
  license_family: APACHE
  size: 311174
  timestamp: 1756673275570
- conda: https://conda.anaconda.org/conda-forge/osx-64/ml_dtypes-0.5.1-py313h366a99e_1.conda
  sha256: c6f6ba239baa1a39d680c284bb7bd8815005d472a50acae47ef5b742f0773c88
  md5: 41bccb9fbc18d20ebd5f421809c635a0
  depends:
  - __osx >=10.13
  - libcxx >=19
  - numpy >=1.23,<3
  - python >=3.13,<3.14.0a0
  - python_abi 3.13.* *_cp313
  license: MPL-2.0 AND Apache-2.0
  size: 227288
  timestamp: 1756742481309
- conda: https://conda.anaconda.org/conda-forge/osx-64/ncurses-6.5-h0622a9a_3.conda
  sha256: ea4a5d27ded18443749aefa49dc79f6356da8506d508b5296f60b8d51e0c4bd9
  md5: ced34dd9929f491ca6dab6a2927aff25
  depends:
  - __osx >=10.13
  license: X11 AND BSD-3-Clause
  size: 822259
  timestamp: 1738196181298
- conda: https://conda.anaconda.org/conda-forge/osx-64/numpy-2.3.2-py313hdb1a8e5_2.conda
  sha256: 0979cd27685e5c8767547e7dbc7ec5015b8080d85d4f43dd4318d9beb99fd98f
  md5: 87843ce61a6baf2cb0d7fad97433f704
  depends:
  - python
  - libcxx >=19
  - __osx >=10.13
  - liblapack >=3.9.0,<4.0a0
  - python_abi 3.13.* *_cp313
  - libblas >=3.9.0,<4.0a0
  - libcblas >=3.9.0,<4.0a0
  constrains:
  - numpy-base <0a0
  license: BSD-3-Clause
  license_family: BSD
  size: 8032409
  timestamp: 1756343064663
- conda: https://conda.anaconda.org/conda-forge/osx-64/openssl-3.5.2-h6e31bce_0.conda
  sha256: 8be57a11019666aa481122c54e29afd604405b481330f37f918e9fbcd145ef89
  md5: 22f5d63e672b7ba467969e9f8b740ecd
  depends:
  - __osx >=10.13
  - ca-certificates
  license: Apache-2.0
  license_family: Apache
  size: 2743708
  timestamp: 1754466962243
- conda: https://conda.anaconda.org/conda-forge/noarch/opt_einsum-3.4.0-pyhd8ed1ab_1.conda
  sha256: af71aabb2bfa4b2c89b7b06403e5cec23b418452cae9f9772bd7ac3f9ea1ff44
  md5: 52919815cd35c4e1a0298af658ccda04
  depends:
  - python >=3.9
  license: MIT
  license_family: MIT
  size: 62479
  timestamp: 1733688053334
- conda: https://conda.anaconda.org/conda-forge/osx-64/python-3.13.5-hc3a4c56_102_cp313.conda
  build_number: 102
  sha256: 8b2f14010eb0baf04ed1eb3908c9e184cd14512c4d64c43f313251b90e75b345
  md5: afa9492a7d31f6f7189ca8f08aceadac
  depends:
  - __osx >=10.13
  - bzip2 >=1.0.8,<2.0a0
  - libexpat >=2.7.0,<3.0a0
  - libffi >=3.4.6,<3.5.0a0
  - liblzma >=5.8.1,<6.0a0
  - libmpdec >=4.0.0,<5.0a0
  - libsqlite >=3.50.1,<4.0a0
  - libzlib >=1.3.1,<2.0a0
  - ncurses >=6.5,<7.0a0
  - openssl >=3.5.0,<4.0a0
  - python_abi 3.13.* *_cp313
  - readline >=8.2,<9.0a0
  - tk >=8.6.13,<8.7.0a0
  - tzdata
  license: Python-2.0
  size: 13955531
  timestamp: 1750063132430
  python_site_packages_path: lib/python3.13/site-packages
- conda: https://conda.anaconda.org/conda-forge/noarch/python_abi-3.13-8_cp313.conda
  build_number: 8
  sha256: 210bffe7b121e651419cb196a2a63687b087497595c9be9d20ebe97dd06060a7
  md5: 94305520c52a4aa3f6c2b1ff6008d9f8
  constrains:
  - python 3.13.* *_cp313
  license: BSD-3-Clause
  license_family: BSD
  size: 7002
  timestamp: 1752805902938
- conda: https://conda.anaconda.org/conda-forge/osx-64/re2-2025.06.26-ha5e900a_0.conda
  sha256: 362d3172f6074f37688a4aa6f5caa8b46ffb7552887d3dfe7eaef2039aca6441
  md5: 2dc6248cb8249c98bd88c51ff1c86e24
  depends:
  - libre2-11 2025.06.26 hfc00f1c_0
  license: BSD-3-Clause
  license_family: BSD
  size: 27456
  timestamp: 1751053203733
- conda: https://conda.anaconda.org/conda-forge/osx-64/readline-8.2-h7cca4af_2.conda
  sha256: 53017e80453c4c1d97aaf78369040418dea14cf8f46a2fa999f31bd70b36c877
  md5: 342570f8e02f2f022147a7f841475784
  depends:
  - ncurses >=6.5,<7.0a0
  license: GPL-3.0-only
  license_family: GPL
  size: 256712
  timestamp: 1740379577668
- conda: https://conda.anaconda.org/conda-forge/osx-64/scipy-1.16.1-py313hf2e9e4d_1.conda
  sha256: e01300ced35c3af0d037b787d8d6c2caabdadab4dda88ab833f2ebf2699b8d13
  md5: 0acfa7f16b706fed7238e5b67d4e5abf
  depends:
  - __osx >=10.13
  - libblas >=3.9.0,<4.0a0
  - libcblas >=3.9.0,<4.0a0
  - libcxx >=19
  - libgfortran
  - libgfortran5 >=14.3.0
  - libgfortran5 >=15.1.0
  - liblapack >=3.9.0,<4.0a0
  - numpy <2.6
  - numpy >=1.23,<3
  - numpy >=1.25.2
  - python >=3.13,<3.14.0a0
  - python_abi 3.13.* *_cp313
  license: BSD-3-Clause
  license_family: BSD
  size: 15480872
  timestamp: 1756530133238
- conda: https://conda.anaconda.org/conda-forge/osx-64/tk-8.6.13-hf689a15_2.conda
  sha256: b24468006a96b71a5f4372205ea7ec4b399b0f2a543541e86f883de54cd623fc
  md5: 9864891a6946c2fe037c02fca7392ab4
  depends:
  - __osx >=10.13
  - libzlib >=1.3.1,<2.0a0
  license: TCL
  license_family: BSD
  size: 3259809
  timestamp: 1748387843735
- conda: https://conda.anaconda.org/conda-forge/noarch/tzdata-2025b-h78e105d_0.conda
  sha256: 5aaa366385d716557e365f0a4e9c3fca43ba196872abbbe3d56bb610d131e192
  md5: 4222072737ccff51314b5ece9c7d6f5a
  license: LicenseRef-Public-Domain
  size: 122968
  timestamp: 1742727099393
- conda: https://conda.anaconda.org/conda-forge/noarch/zipp-3.23.0-pyhd8ed1ab_0.conda
  sha256: 7560d21e1b021fd40b65bfb72f67945a3fcb83d78ad7ccf37b8b3165ec3b68ad
  md5: df5e78d904988eb55042c0c97446079f
  depends:
  - python >=3.9
  license: MIT
  license_family: MIT
  size: 22963
  timestamp: 1749421737203
